{
  "nodes": {
    "flake-parts": {
      "inputs": {
        "nixpkgs-lib": [
          "jerry",
          "nixpkgs"
        ]
      },
      "locked": {
        "lastModified": 1712014858,
        "narHash": "sha256-sB4SWl2lX95bExY2gMFG5HIzvva5AVMJd4Igm+GpZNw=",
        "owner": "hercules-ci",
        "repo": "flake-parts",
        "rev": "9126214d0a59633752a136528f5f3b9aa8565b7d",
        "type": "github"
      },
      "original": {
        "owner": "hercules-ci",
        "repo": "flake-parts",
        "type": "github"
      }
    },
    "home-manager": {
      "inputs": {
        "nixpkgs": [
          "nixpkgs"
        ]
      },
      "locked": {
        "lastModified": 1718788307,
        "narHash": "sha256-SqiOz0sljM0GjyQEVinPXQxaGcbOXw5OgpCWGPgh/vo=",
        "owner": "nix-community",
        "repo": "home-manager",
        "rev": "d7830d05421d0ced83a0f007900898bdcaf2a2ca",
        "type": "github"
      },
      "original": {
        "owner": "nix-community",
        "repo": "home-manager",
        "type": "github"
      }
    },
    "jerry": {
      "inputs": {
        "flake-parts": "flake-parts",
        "nixpkgs": "nixpkgs",
        "systems": "systems"
      },
      "locked": {
        "lastModified": 1718733788,
        "narHash": "sha256-pjS2b2P15z9LqwoHqG02vtX/mVeKM4t5dmn5URiszeI=",
        "owner": "justchokingaround",
        "repo": "jerry",
        "rev": "989ec646f514387265a1f19550d24914ba67fcdf",
        "type": "github"
      },
      "original": {
        "owner": "justchokingaround",
        "repo": "jerry",
        "type": "github"
      }
    },
    "nixpkgs": {
      "locked": {
        "lastModified": 1696193975,
        "narHash": "sha256-mnQjUcYgp9Guu3RNVAB2Srr1TqKcPpRXmJf4LJk6KRY=",
        "owner": "nixos",
        "repo": "nixpkgs",
        "rev": "fdd898f8f79e8d2f99ed2ab6b3751811ef683242",
        "type": "github"
      },
      "original": {
        "owner": "nixos",
        "ref": "nixos-unstable",
        "repo": "nixpkgs",
        "type": "github"
      }
    },
    "nixpkgs_2": {
      "locked": {
        "lastModified": 1718870667,
        "narHash": "sha256-jab3Kpc8O1z3qxwVsCMHL4+18n5Wy/HHKyu1fcsF7gs=",
        "owner": "NixOS",
        "repo": "nixpkgs",
        "rev": "9b10b8f00cb5494795e5f51b39210fed4d2b0748",
        "type": "github"
      },
      "original": {
        "id": "nixpkgs",
        "type": "indirect"
      }
    },
    "root": {
      "inputs": {
        "home-manager": "home-manager",
        "jerry": "jerry",
        "nixpkgs": "nixpkgs_2"
      }
    },
    "systems": {
      "locked": {
        "lastModified": 1681028828,
        "narHash": "sha256-Vy1rq5AaRuLzOxct8nz4T6wlgyUR7zLU309k9mBC768=",
        "owner": "nix-systems",
        "repo": "default",
        "rev": "da67096a3b9bf56a91d16901293e51ba5b49a27e",
        "type": "github"
      },
      "original": {
        "owner": "nix-systems",
        "repo": "default",
        "type": "github"
      }
    }
  },
  "root": "root",
  "version": 7
}
